<?xml version="1.0" encoding="utf-8"?>
<Project DefaultTargets="Build" ToolsVersion="4.0" xmlns="http://schemas.microsoft.com/developer/msbuild/2003">
  <PropertyGroup>
    <Configuration Condition=" '$(Configuration)' == '' ">Debug</Configuration>
    <Platform Condition=" '$(Platform)' == '' ">AnyCPU</Platform>
    <ProductVersion>8.0.30703</ProductVersion>
    <SchemaVersion>2.0</SchemaVersion>
    <ProjectGuid>{F788B2C5-9536-4E82-9FFC-A6E30C9AC567}</ProjectGuid>
    <UseDefaultCompiler>true</UseDefaultCompiler>
    <IncrementalLinking>true</IncrementalLinking>
    <PreferOneStepBuild>true</PreferOneStepBuild>
    <Compiler>DMD2</Compiler>
  </PropertyGroup>
  <PropertyGroup Condition=" '$(Configuration)|$(Platform)' == 'Debug|AnyCPU' ">
    <DebugSymbols>true</DebugSymbols>
    <OutputPath>bin\Debug</OutputPath>
    <LinkinThirdPartyLibraries>false</LinkinThirdPartyLibraries>
    <ObjectsDirectory>obj\Debug</ObjectsDirectory>
    <DebugLevel>0</DebugLevel>
    <UnittestMode>false</UnittestMode>
    <Externalconsole>true</Externalconsole>
    <Target>Executable</Target>
    <OutputName>ship3d</OutputName>
    <Libs>
      <Libs>
        <Lib>gdi32.lib</Lib>
      </Libs>
    </Libs>
    <ExtraCompilerArguments>-w -gc -profile=gc -version=GamelibHandleAssert</ExtraCompilerArguments>
  </PropertyGroup>
  <PropertyGroup Condition=" '$(Configuration)|$(Platform)' == 'Release|AnyCPU' ">
    <OutputPath>bin\Release</OutputPath>
    <LinkinThirdPartyLibraries>false</LinkinThirdPartyLibraries>
    <ObjectsDirectory>obj\Release</ObjectsDirectory>
    <DebugLevel>0</DebugLevel>
    <UnittestMode>false</UnittestMode>
    <Externalconsole>true</Externalconsole>
    <Target>Executable</Target>
    <OutputName>ship3d</OutputName>
    <Libs>
      <Libs>
        <Lib>gdi32.lib</Lib>
      </Libs>
    </Libs>
    <ExtraCompilerArguments>-boundscheck=off -g</ExtraCompilerArguments>
  </PropertyGroup>
  <PropertyGroup Condition=" '$(Configuration)|$(Platform)' == 'Unittest|AnyCPU' ">
    <DebugSymbols>true</DebugSymbols>
    <OutputPath>bin\Unittest</OutputPath>
    <LinkinThirdPartyLibraries>false</LinkinThirdPartyLibraries>
    <ObjectsDirectory>obj\Unittest</ObjectsDirectory>
    <DebugLevel>0</DebugLevel>
    <UnittestMode>true</UnittestMode>
    <Externalconsole>true</Externalconsole>
    <Target>Executable</Target>
    <OutputName>ship3d</OutputName>
    <Libs>
      <Libs>
        <Lib>gdi32.lib</Lib>
      </Libs>
    </Libs>
    <ExtraCompilerArguments>-w</ExtraCompilerArguments>
  </PropertyGroup>
  <PropertyGroup Condition=" '$(Configuration)|$(Platform)' == 'Debug LDC|AnyCPU' ">
    <DebugSymbols>true</DebugSymbols>
    <OutputPath>bin\Debug</OutputPath>
    <LinkinThirdPartyLibraries>false</LinkinThirdPartyLibraries>
    <Libs>
      <Libs>
        <Lib>gdi32.lib</Lib>
      </Libs>
    </Libs>
    <DebugLevel>0</DebugLevel>
    <ObjectsDirectory>obj\Debug</ObjectsDirectory>
    <ExtraCompilerArguments>-oq -g</ExtraCompilerArguments>
    <Target>Executable</Target>
    <Externalconsole>true</Externalconsole>
    <UnittestMode>false</UnittestMode>
    <OutputName>ship3d</OutputName>
  </PropertyGroup>
  <PropertyGroup Condition=" '$(Configuration)|$(Platform)' == 'Release LDC|AnyCPU' ">
    <OutputPath>bin\Release</OutputPath>
    <LinkinThirdPartyLibraries>false</LinkinThirdPartyLibraries>
    <Libs>
      <Libs>
        <Lib>gdi32.lib</Lib>
      </Libs>
    </Libs>
    <DebugLevel>0</DebugLevel>
    <ObjectsDirectory>obj\Release</ObjectsDirectory>
    <ExtraCompilerArguments>-oq -singleobj -boundscheck=off -d-version=NativeBlit -mcpu=corei7 -mattr=+mmx,+sse,+sse2,+sse3,+sse4.1,+sse4.2</ExtraCompilerArguments>
    <Target>Executable</Target>
    <Externalconsole>true</Externalconsole>
    <UnittestMode>false</UnittestMode>
    <OutputName>ship3d</OutputName>
  </PropertyGroup>
  <PropertyGroup Condition=" '$(Configuration)|$(Platform)' == 'Unittest LDC|AnyCPU' ">
    <DebugSymbols>true</DebugSymbols>
    <OutputPath>bin\Unittest</OutputPath>
    <LinkinThirdPartyLibraries>false</LinkinThirdPartyLibraries>
    <Libs>
      <Libs>
        <Lib>gdi32.lib</Lib>
      </Libs>
    </Libs>
    <DebugLevel>0</DebugLevel>
    <ObjectsDirectory>obj\Unittest</ObjectsDirectory>
    <ExtraCompilerArguments>-oq</ExtraCompilerArguments>
    <Target>Executable</Target>
    <Externalconsole>true</Externalconsole>
    <UnittestMode>true</UnittestMode>
    <OutputName>ship3d</OutputName>
  </PropertyGroup>
  <PropertyGroup Condition=" '$(Configuration)|$(Platform)' == 'Release LDC Taras|AnyCPU' ">
    <OutputPath>bin\Release</OutputPath>
    <LinkinThirdPartyLibraries>false</LinkinThirdPartyLibraries>
    <Libs>
      <Libs>
        <Lib>gdi32.lib</Lib>
      </Libs>
    </Libs>
    <DebugLevel>0</DebugLevel>
    <ObjectsDirectory>obj\Release</ObjectsDirectory>
    <ExtraCompilerArguments>-oq -mcpu=i686 -mattr=+mmx,+sse,+sse2 -singleobj -boundscheck=off -d-version=NativeBlit</ExtraCompilerArguments>
    <Target>Executable</Target>
    <Externalconsole>true</Externalconsole>
    <UnittestMode>false</UnittestMode>
    <OutputName>ship3d</OutputName>
  </PropertyGroup>
  <PropertyGroup Condition=" '$(Configuration)|$(Platform)' == 'Release LDC AVX2|AnyCPU' ">
    <OutputPath>bin\Release</OutputPath>
    <Externalconsole>true</Externalconsole>
    <Target>Executable</Target>
    <OutputName>ship3d</OutputName>
    <UnittestMode>false</UnittestMode>
    <ExtraCompilerArguments>-oq -singleobj -boundscheck=off -d-version=NativeBlit -mcpu=corei7-avx -mattr=avx2,fma</ExtraCompilerArguments>
    <Libs>
      <Libs>
        <Lib>gdi32.lib</Lib>
      </Libs>
    </Libs>
    <LinkinThirdPartyLibraries>false</LinkinThirdPartyLibraries>
    <ObjectsDirectory>obj\Release</ObjectsDirectory>
    <DebugLevel>0</DebugLevel>
  </PropertyGroup>
  <PropertyGroup Condition=" '$(Configuration)|$(Platform)' == 'RelWithDebugInfo LDC|AnyCPU' ">
    <OutputPath>bin\Release</OutputPath>
    <Externalconsole>true</Externalconsole>
    <Target>Executable</Target>
    <OutputName>ship3d</OutputName>
    <UnittestMode>false</UnittestMode>
    <ExtraCompilerArguments>-oq -singleobj -boundscheck=off -d-version=NativeBlit -mcpu=corei7 -mattr=+mmx,+sse,+sse2,+sse3,+sse4.1,+sse4.2 -gc</ExtraCompilerArguments>
    <Libs>
      <Libs>
        <Lib>gdi32.lib</Lib>
      </Libs>
    </Libs>
    <LinkinThirdPartyLibraries>false</LinkinThirdPartyLibraries>
    <ObjectsDirectory>obj\Release</ObjectsDirectory>
    <DebugLevel>0</DebugLevel>
  </PropertyGroup>
  <ItemGroup>
    <Compile Include="main.d" />
    <Compile Include="game\game.d" />
    <Compile Include="game\units.d" />
    <Compile Include="game\world.d" />
    <Compile Include="game\renderer\rasterizer.d" />
    <Compile Include="game\renderer\rasterizerhp.d" />
    <Compile Include="game\renderer\rasterizerhp2.d" />
    <Compile Include="game\renderer\rasterizerhp3.d" />
    <Compile Include="game\renderer\rasterizerhp4.d" />
    <Compile Include="game\renderer\rasterizerhp5.d" />
    <Compile Include="game\renderer\palette.d" />
    <Compile Include="game\renderer\texture.d" />
    <Compile Include="game\renderer\basetexture.d" />
    <Compile Include="game\renderer\renderer.d" />
    <Compile Include="game\renderer\rasterizer2.d" />
    <Compile Include="game\entities\entity.d" />
    <Compile Include="game\topology\polygon.d" />
    <Compile Include="game\topology\room.d" />
    <Compile Include="game\entities\player.d" />
    <Compile Include="game\generators\worldgen.d" />
    <Compile Include="game\generators\texturegen.d" />
    <Compile Include="game\generators\roomgen.d" />
    <Compile Include="game\topology\entityref.d" />
    <Compile Include="game\renderer\rasterizerhp6.d" />
    <Compile Include="game\renderer\spanmask.d" />
    <Compile Include="game\renderer\rasterizerhybrid.d" />
    <Compile Include="game\topology\plane.d" />
    <Compile Include="game\controls.d" />
    <Compile Include="game\entities\inertialentity.d" />
    <Compile Include="game\renderer\rasterizerhybrid2.d" />
    <Compile Include="game\renderer\light.d" />
    <Compile Include="game\topology\lightref.d" />
    <Compile Include="game\topology\refalloc.d" />
    <Compile Include="game\generators\lightgen.d" />
    <Compile Include="game\generators\texturegen\basetexgen.d" />
    <Compile Include="..\..\d-gamelib\gamelib\autodispose.d">
      <Link>gamelib\autodispose.d</Link>
    </Compile>
    <Compile Include="..\..\d-gamelib\gamelib\core.d">
      <Link>gamelib\core.d</Link>
    </Compile>
    <Compile Include="..\..\d-gamelib\gamelib\fixedpoint.d">
      <Link>gamelib\fixedpoint.d</Link>
    </Compile>
    <Compile Include="..\..\d-gamelib\gamelib\funcwrapper.d">
      <Link>gamelib\funcwrapper.d</Link>
    </Compile>
    <Compile Include="..\..\d-gamelib\gamelib\interpolate.d">
      <Link>gamelib\interpolate.d</Link>
    </Compile>
    <Compile Include="..\..\d-gamelib\gamelib\linalg.d">
      <Link>gamelib\linalg.d</Link>
    </Compile>
    <Compile Include="..\..\d-gamelib\gamelib\math.d">
      <Link>gamelib\math.d</Link>
    </Compile>
    <Compile Include="..\..\d-gamelib\gamelib\range.d">
      <Link>gamelib\range.d</Link>
    </Compile>
    <Compile Include="..\..\d-gamelib\gamelib\types.d">
      <Link>gamelib\types.d</Link>
    </Compile>
    <Compile Include="..\..\d-gamelib\gamelib\util.d">
      <Link>gamelib\util.d</Link>
    </Compile>
    <Compile Include="..\..\d-gamelib\gamelib\variant.d">
      <Link>gamelib\variant.d</Link>
    </Compile>
    <Compile Include="..\..\d-gamelib\gamelib\3rdparty\DerelictSDL2-master\source\derelict\sdl2\functions.d">
      <Link>gamelib\3rdparty\DerelictSDL2-master\source\derelict\sdl2\functions.d</Link>
    </Compile>
    <Compile Include="..\..\d-gamelib\gamelib\3rdparty\DerelictSDL2-master\source\derelict\sdl2\image.d">
      <Link>gamelib\3rdparty\DerelictSDL2-master\source\derelict\sdl2\image.d</Link>
    </Compile>
    <Compile Include="..\..\d-gamelib\gamelib\3rdparty\DerelictSDL2-master\source\derelict\sdl2\mixer.d">
      <Link>gamelib\3rdparty\DerelictSDL2-master\source\derelict\sdl2\mixer.d</Link>
    </Compile>
    <Compile Include="..\..\d-gamelib\gamelib\3rdparty\DerelictSDL2-master\source\derelict\sdl2\net.d">
      <Link>gamelib\3rdparty\DerelictSDL2-master\source\derelict\sdl2\net.d</Link>
    </Compile>
    <Compile Include="..\..\d-gamelib\gamelib\3rdparty\DerelictSDL2-master\source\derelict\sdl2\sdl.d">
      <Link>gamelib\3rdparty\DerelictSDL2-master\source\derelict\sdl2\sdl.d</Link>
    </Compile>
    <Compile Include="..\..\d-gamelib\gamelib\3rdparty\DerelictSDL2-master\source\derelict\sdl2\ttf.d">
      <Link>gamelib\3rdparty\DerelictSDL2-master\source\derelict\sdl2\ttf.d</Link>
    </Compile>
    <Compile Include="..\..\d-gamelib\gamelib\3rdparty\DerelictSDL2-master\source\derelict\sdl2\types.d">
      <Link>gamelib\3rdparty\DerelictSDL2-master\source\derelict\sdl2\types.d</Link>
    </Compile>
    <Compile Include="..\..\d-gamelib\gamelib\3rdparty\DerelictUtil-master\source\derelict\util\exception.d">
      <Link>gamelib\3rdparty\DerelictUtil-master\source\derelict\util\exception.d</Link>
    </Compile>
    <Compile Include="..\..\d-gamelib\gamelib\3rdparty\DerelictUtil-master\source\derelict\util\loader.d">
      <Link>gamelib\3rdparty\DerelictUtil-master\source\derelict\util\loader.d</Link>
    </Compile>
    <Compile Include="..\..\d-gamelib\gamelib\3rdparty\DerelictUtil-master\source\derelict\util\sharedlib.d">
      <Link>gamelib\3rdparty\DerelictUtil-master\source\derelict\util\sharedlib.d</Link>
    </Compile>
    <Compile Include="..\..\d-gamelib\gamelib\3rdparty\DerelictUtil-master\source\derelict\util\system.d">
      <Link>gamelib\3rdparty\DerelictUtil-master\source\derelict\util\system.d</Link>
    </Compile>
    <Compile Include="..\..\d-gamelib\gamelib\3rdparty\DerelictUtil-master\source\derelict\util\wintypes.d">
      <Link>gamelib\3rdparty\DerelictUtil-master\source\derelict\util\wintypes.d</Link>
    </Compile>
    <Compile Include="..\..\d-gamelib\gamelib\3rdparty\DerelictUtil-master\source\derelict\util\xtypes.d">
      <Link>gamelib\3rdparty\DerelictUtil-master\source\derelict\util\xtypes.d</Link>
    </Compile>
    <Compile Include="..\..\d-gamelib\gamelib\containers\intrusivelist.d">
      <Link>gamelib\containers\intrusivelist.d</Link>
    </Compile>
    <Compile Include="..\..\d-gamelib\gamelib\containers\queue.d">
      <Link>gamelib\containers\queue.d</Link>
    </Compile>
    <Compile Include="..\..\d-gamelib\gamelib\graphics\color.d">
      <Link>gamelib\graphics\color.d</Link>
    </Compile>
    <Compile Include="..\..\d-gamelib\gamelib\graphics\graph.d">
      <Link>gamelib\graphics\graph.d</Link>
    </Compile>
    <Compile Include="..\..\d-gamelib\gamelib\graphics\memsurface.d">
      <Link>gamelib\graphics\memsurface.d</Link>
    </Compile>
    <Compile Include="..\..\d-gamelib\gamelib\graphics\surface.d">
      <Link>gamelib\graphics\surface.d</Link>
    </Compile>
    <Compile Include="..\..\d-gamelib\gamelib\graphics\surfaceview.d">
      <Link>gamelib\graphics\surfaceview.d</Link>
    </Compile>
    <Compile Include="..\..\d-gamelib\gamelib\graphics\window.d">
      <Link>gamelib\graphics\window.d</Link>
    </Compile>
    <Compile Include="..\..\d-gamelib\gamelib\graphics\renderer2d\font.d">
      <Link>gamelib\graphics\renderer2d\font.d</Link>
    </Compile>
    <Compile Include="..\..\d-gamelib\gamelib\graphics\renderer2d\renderer.d">
      <Link>gamelib\graphics\renderer2d\renderer.d</Link>
    </Compile>
    <Compile Include="..\..\d-gamelib\gamelib\graphics\renderer2d\texture.d">
      <Link>gamelib\graphics\renderer2d\texture.d</Link>
    </Compile>
    <Compile Include="..\..\d-gamelib\gamelib\graphics\renderer2d\textureview.d">
      <Link>gamelib\graphics\renderer2d\textureview.d</Link>
    </Compile>
    <Compile Include="..\..\d-gamelib\gamelib\graphics\renderer2d\vectorfont.d">
      <Link>gamelib\graphics\renderer2d\vectorfont.d</Link>
    </Compile>
    <Compile Include="..\..\d-gamelib\gamelib\memory\arrayview.d">
      <Link>gamelib\memory\arrayview.d</Link>
    </Compile>
    <Compile Include="..\..\d-gamelib\gamelib\memory\intrusiveptr.d">
      <Link>gamelib\memory\intrusiveptr.d</Link>
    </Compile>
    <Compile Include="..\..\d-gamelib\gamelib\memory\memory.d">
      <Link>gamelib\memory\memory.d</Link>
    </Compile>
    <Compile Include="..\..\d-gamelib\gamelib\memory\poolalloc.d">
      <Link>gamelib\memory\poolalloc.d</Link>
    </Compile>
    <Compile Include="..\..\d-gamelib\gamelib\memory\stackalloc.d">
      <Link>gamelib\memory\stackalloc.d</Link>
    </Compile>
    <Compile Include="..\..\d-gamelib\gamelib\memory\utils.d">
      <Link>gamelib\memory\utils.d</Link>
    </Compile>
    <Compile Include="..\..\..\tools\d-gamelib\gamelib\debugout.d">
      <Link>gamelib\debugout.d</Link>
    </Compile>
    <Compile Include="game\topology\mesh.d" />
    <Compile Include="game\entities\staticmesh.d" />
    <Compile Include="game\utils.d" />
    <Compile Include="game\renderer\rasterizerhybrid3.d" />
    <Compile Include="..\..\d-gamelib\gamelib\memory\growablestackalloc.d">
      <Link>gamelib\memory\growablestackalloc.d</Link>
    </Compile>
    <Compile Include="game\renderer\rasterizertiled2.d" />
    <Compile Include="game\texture.d" />
    <Compile Include="game\renderer\rasterizertiled3\rasterizertiled3.d" />
    <Compile Include="game\renderer\trianglebuffer.d" />
    <Compile Include="game\renderer\rasterizertiled3\tiles.d" />
    <Compile Include="game\renderer\rasterizertiled3\draw.d" />
    <Compile Include="game\renderer\types.d" />
    <Compile Include="game\renderer\rasterizertiled3\types.d" />
    <Compile Include="game\renderer\trianglesplitter.d" />
    <Compile Include="game\renderer\rasterizertiled4\rasterizertiled4.d" />
    <Compile Include="game\renderer\rasterizertiled4\types.d" />
    <Compile Include="game\renderer\rasterizertiled4\tiles.d" />
    <Compile Include="..\..\d-gamelib\gamelib\asserthandler.d">
      <Link>gamelib\asserthandler.d</Link>
    </Compile>
  </ItemGroup>
  <ItemGroup>
    <Folder Include="game\" />
    <Folder Include="game\renderer\" />
    <Folder Include="game\entities\" />
    <Folder Include="game\generators\" />
    <Folder Include="game\generators\texturegen\" />
    <Folder Include="gamelib\" />
    <Folder Include="game\renderer\rasterizertiled3\" />
    <Folder Include="game\renderer\rasterizertiled4\" />
  </ItemGroup>
  <ItemGroup>
    <None Include="todo.txt" />
    <None Include="..\..\d-gamelib\gamelib\3rdparty\build.bat">
      <Link>gamelib\3rdparty\build.bat</Link>
    </None>
    <None Include="..\..\d-gamelib\gamelib\3rdparty\DerelictSDL2-master\.gitignore">
      <Link>gamelib\3rdparty\DerelictSDL2-master\.gitignore</Link>
    </None>
    <None Include="..\..\d-gamelib\gamelib\3rdparty\DerelictSDL2-master\package.json">
      <Link>gamelib\3rdparty\DerelictSDL2-master\package.json</Link>
    </None>
    <None Include="..\..\d-gamelib\gamelib\3rdparty\DerelictSDL2-master\README.md">
      <Link>gamelib\3rdparty\DerelictSDL2-master\README.md</Link>
    </None>
    <None Include="..\..\d-gamelib\gamelib\3rdparty\DerelictUtil-master\.gitignore">
      <Link>gamelib\3rdparty\DerelictUtil-master\.gitignore</Link>
    </None>
    <None Include="..\..\d-gamelib\gamelib\3rdparty\DerelictUtil-master\package.json">
      <Link>gamelib\3rdparty\DerelictUtil-master\package.json</Link>
    </None>
    <None Include="..\..\d-gamelib\gamelib\3rdparty\DerelictUtil-master\README.md">
      <Link>gamelib\3rdparty\DerelictUtil-master\README.md</Link>
    </None>
  </ItemGroup>
</Project>