<?xml version="1.0" encoding="utf-8"?>
<Project DefaultTargets="Build" ToolsVersion="4.0" xmlns="http://schemas.microsoft.com/developer/msbuild/2003">
  <PropertyGroup>
    <Configuration Condition=" '$(Configuration)' == '' ">Debug</Configuration>
    <Platform Condition=" '$(Platform)' == '' ">AnyCPU</Platform>
    <ProductVersion>8.0.30703</ProductVersion>
    <SchemaVersion>2.0</SchemaVersion>
    <ProjectGuid>{F788B2C5-9536-4E82-9FFC-A6E30C9AC567}</ProjectGuid>
    <UseDefaultCompiler>true</UseDefaultCompiler>
    <IncrementalLinking>true</IncrementalLinking>
    <PreferOneStepBuild>true</PreferOneStepBuild>
    <Compiler>DMD2</Compiler>
  </PropertyGroup>
  <PropertyGroup Condition=" '$(Configuration)|$(Platform)' == 'Debug|AnyCPU' ">
    <DebugSymbols>true</DebugSymbols>
    <OutputPath>bin\Debug</OutputPath>
    <LinkinThirdPartyLibraries>false</LinkinThirdPartyLibraries>
    <ObjectsDirectory>obj\Debug</ObjectsDirectory>
    <DebugLevel>0</DebugLevel>
    <UnittestMode>false</UnittestMode>
    <Externalconsole>true</Externalconsole>
    <Target>Executable</Target>
    <OutputName>ship3d</OutputName>
    <Libs>
      <Libs>
        <Lib>gdi32.lib</Lib>
      </Libs>
    </Libs>
    <ExtraCompilerArguments>-w -gc</ExtraCompilerArguments>
  </PropertyGroup>
  <PropertyGroup Condition=" '$(Configuration)|$(Platform)' == 'Release|AnyCPU' ">
    <OutputPath>bin\Release</OutputPath>
    <LinkinThirdPartyLibraries>false</LinkinThirdPartyLibraries>
    <ObjectsDirectory>obj\Release</ObjectsDirectory>
    <DebugLevel>0</DebugLevel>
    <UnittestMode>false</UnittestMode>
    <Externalconsole>true</Externalconsole>
    <Target>Executable</Target>
    <OutputName>ship3d</OutputName>
    <Libs>
      <Libs>
        <Lib>gdi32.lib</Lib>
      </Libs>
    </Libs>
    <ExtraCompilerArguments>-boundscheck=off -g</ExtraCompilerArguments>
  </PropertyGroup>
  <PropertyGroup Condition=" '$(Configuration)|$(Platform)' == 'Unittest|AnyCPU' ">
    <DebugSymbols>true</DebugSymbols>
    <OutputPath>bin\Unittest</OutputPath>
    <LinkinThirdPartyLibraries>false</LinkinThirdPartyLibraries>
    <ObjectsDirectory>obj\Unittest</ObjectsDirectory>
    <DebugLevel>0</DebugLevel>
    <UnittestMode>true</UnittestMode>
    <Externalconsole>true</Externalconsole>
    <Target>Executable</Target>
    <OutputName>ship3d</OutputName>
    <Libs>
      <Libs>
        <Lib>gdi32.lib</Lib>
      </Libs>
    </Libs>
    <ExtraCompilerArguments>-w</ExtraCompilerArguments>
  </PropertyGroup>
  <PropertyGroup Condition=" '$(Configuration)|$(Platform)' == 'Debug LDC|AnyCPU' ">
    <DebugSymbols>true</DebugSymbols>
    <OutputPath>bin\Debug</OutputPath>
    <LinkinThirdPartyLibraries>false</LinkinThirdPartyLibraries>
    <Libs>
      <Libs>
        <Lib>gdi32.lib</Lib>
      </Libs>
    </Libs>
    <DebugLevel>0</DebugLevel>
    <ObjectsDirectory>obj\Debug</ObjectsDirectory>
    <ExtraCompilerArguments>-oq -g</ExtraCompilerArguments>
    <Target>Executable</Target>
    <Externalconsole>true</Externalconsole>
    <UnittestMode>false</UnittestMode>
    <OutputName>ship3d</OutputName>
  </PropertyGroup>
  <PropertyGroup Condition=" '$(Configuration)|$(Platform)' == 'Release LDC|AnyCPU' ">
    <OutputPath>bin\Release</OutputPath>
    <LinkinThirdPartyLibraries>false</LinkinThirdPartyLibraries>
    <Libs>
      <Libs>
        <Lib>gdi32.lib</Lib>
      </Libs>
    </Libs>
    <DebugLevel>0</DebugLevel>
    <ObjectsDirectory>obj\Release</ObjectsDirectory>
    <ExtraCompilerArguments>-oq -singleobj -boundscheck=off</ExtraCompilerArguments>
    <Target>Executable</Target>
    <Externalconsole>true</Externalconsole>
    <UnittestMode>false</UnittestMode>
    <OutputName>ship3d</OutputName>
  </PropertyGroup>
  <PropertyGroup Condition=" '$(Configuration)|$(Platform)' == 'Unittest LDC|AnyCPU' ">
    <DebugSymbols>true</DebugSymbols>
    <OutputPath>bin\Unittest</OutputPath>
    <LinkinThirdPartyLibraries>false</LinkinThirdPartyLibraries>
    <Libs>
      <Libs>
        <Lib>gdi32.lib</Lib>
      </Libs>
    </Libs>
    <DebugLevel>0</DebugLevel>
    <ObjectsDirectory>obj\Unittest</ObjectsDirectory>
    <ExtraCompilerArguments>-oq</ExtraCompilerArguments>
    <Target>Executable</Target>
    <Externalconsole>true</Externalconsole>
    <UnittestMode>true</UnittestMode>
    <OutputName>ship3d</OutputName>
  </PropertyGroup>
  <PropertyGroup Condition=" '$(Configuration)|$(Platform)' == 'Release LDC Taras|AnyCPU' ">
    <OutputPath>bin\Release</OutputPath>
    <LinkinThirdPartyLibraries>false</LinkinThirdPartyLibraries>
    <Libs>
      <Libs>
        <Lib>gdi32.lib</Lib>
      </Libs>
    </Libs>
    <DebugLevel>0</DebugLevel>
    <ObjectsDirectory>obj\Release</ObjectsDirectory>
    <ExtraCompilerArguments>-oq -mcpu=i686 -mattr=+mmx,+sse -singleobj -boundscheck=off</ExtraCompilerArguments>
    <Target>Executable</Target>
    <Externalconsole>true</Externalconsole>
    <UnittestMode>false</UnittestMode>
    <OutputName>ship3d</OutputName>
  </PropertyGroup>
  <ItemGroup>
    <Compile Include="main.d" />
    <Compile Include="game\game.d" />
    <Compile Include="game\units.d" />
    <Compile Include="game\world.d" />
    <Compile Include="game\renderer\rasterizer.d" />
    <Compile Include="gamelib\autodispose.d" />
    <Compile Include="gamelib\core.d" />
    <Compile Include="gamelib\fixedpoint.d" />
    <Compile Include="gamelib\math.d" />
    <Compile Include="gamelib\linalg.d" />
    <Compile Include="gamelib\types.d" />
    <Compile Include="gamelib\util.d" />
    <Compile Include="gamelib\3rdparty\DerelictSDL2-master\source\derelict\sdl2\functions.d" />
    <Compile Include="gamelib\3rdparty\DerelictSDL2-master\source\derelict\sdl2\image.d" />
    <Compile Include="gamelib\3rdparty\DerelictSDL2-master\source\derelict\sdl2\mixer.d" />
    <Compile Include="gamelib\3rdparty\DerelictSDL2-master\source\derelict\sdl2\net.d" />
    <Compile Include="gamelib\3rdparty\DerelictSDL2-master\source\derelict\sdl2\sdl.d" />
    <Compile Include="gamelib\3rdparty\DerelictSDL2-master\source\derelict\sdl2\ttf.d" />
    <Compile Include="gamelib\3rdparty\DerelictSDL2-master\source\derelict\sdl2\types.d" />
    <Compile Include="gamelib\3rdparty\DerelictUtil-master\source\derelict\util\exception.d" />
    <Compile Include="gamelib\3rdparty\DerelictUtil-master\source\derelict\util\loader.d" />
    <Compile Include="gamelib\3rdparty\DerelictUtil-master\source\derelict\util\sharedlib.d" />
    <Compile Include="gamelib\3rdparty\DerelictUtil-master\source\derelict\util\system.d" />
    <Compile Include="gamelib\3rdparty\DerelictUtil-master\source\derelict\util\wintypes.d" />
    <Compile Include="gamelib\3rdparty\DerelictUtil-master\source\derelict\util\xtypes.d" />
    <Compile Include="gamelib\graphics\graph.d" />
    <Compile Include="gamelib\graphics\surface.d" />
    <Compile Include="gamelib\graphics\surfaceview.d" />
    <Compile Include="gamelib\graphics\window.d" />
    <Compile Include="gamelib\graphics\renderer2d\font.d" />
    <Compile Include="gamelib\graphics\renderer2d\renderer.d" />
    <Compile Include="gamelib\graphics\renderer2d\texture.d" />
    <Compile Include="gamelib\graphics\renderer2d\textureview.d" />
    <Compile Include="gamelib\graphics\renderer2d\vectorfont.d" />
    <Compile Include="game\renderer\rasterizerhp.d" />
    <Compile Include="gamelib\graphics\memsurface.d" />
    <Compile Include="game\renderer\rasterizerhp2.d" />
    <Compile Include="game\renderer\rasterizerhp3.d" />
    <Compile Include="game\renderer\rasterizerhp4.d" />
    <Compile Include="game\renderer\rasterizerhp5.d" />
    <Compile Include="game\renderer\palette.d" />
    <Compile Include="game\renderer\texture.d" />
    <Compile Include="game\renderer\basetexture.d" />
    <Compile Include="game\renderer\renderer.d" />
    <Compile Include="game\renderer\rasterizer2.d" />
    <Compile Include="gamelib\interpolate.d" />
    <Compile Include="game\entities\entity.d" />
    <Compile Include="game\topology\polygon.d" />
    <Compile Include="game\topology\room.d" />
    <Compile Include="game\entities\player.d" />
    <Compile Include="game\generators\worldgen.d" />
    <Compile Include="game\generators\roomgen.d" />
    <Compile Include="game\generators\texturegen.d" />
    <Compile Include="game\memory\stackalloc.d" />
    <Compile Include="game\topology\entityref.d" />
    <Compile Include="gamelib\memory\intrusiveptr.d" />
    <Compile Include="gamelib\memory\memory.d" />
    <Compile Include="game\renderer\rasterizerhp6.d" />
    <Compile Include="gamelib\memory\utils.d" />
    <Compile Include="game\renderer\spanmask.d" />
    <Compile Include="game\renderer\rasterizerhybrid.d" />
    <Compile Include="game\topology\plane.d" />
    <Compile Include="game\controls.d" />
    <Compile Include="gamelib\variant.d" />
    <Compile Include="game\entities\inertialentity.d" />
    <Compile Include="game\renderer\rasterizerhybrid2.d" />
    <Compile Include="gamelib\graphics\color.d" />
    <Compile Include="game\renderer\light.d" />
    <Compile Include="gamelib\memory\arrayview.d" />
    <Compile Include="gamelib\containers\queue.d" />
    <Compile Include="gamelib\containers\intrusivelist.d" />
    <Compile Include="game\entities\lightentity.d" />
    <Compile Include="gamelib\memory\stackalloc.d" />
    <Compile Include="gamelib\memory\poolalloc.d" />
  </ItemGroup>
  <ItemGroup>
    <Folder Include="game\" />
    <Folder Include="game\renderer\" />
    <Folder Include="gamelib\" />
    <Folder Include="game\entities\" />
    <Folder Include="game\generators\" />
    <Folder Include="game\memory\" />
    <Folder Include="gamelib\memory\" />
    <Folder Include="gamelib\containers\" />
  </ItemGroup>
  <ItemGroup>
    <None Include="gamelib\3rdparty\build.bat" />
    <None Include="gamelib\3rdparty\DerelictSDL2-master\.gitignore" />
    <None Include="gamelib\3rdparty\DerelictSDL2-master\package.json" />
    <None Include="gamelib\3rdparty\DerelictSDL2-master\README.md" />
    <None Include="gamelib\3rdparty\DerelictUtil-master\.gitignore" />
    <None Include="gamelib\3rdparty\DerelictUtil-master\package.json" />
    <None Include="gamelib\3rdparty\DerelictUtil-master\README.md" />
  </ItemGroup>
</Project>